schema: '2.0'
stages:
  split:
    cmd: python3 scripts/data_scripts/train_test_split.py data/raw/raw_data.csv
    deps:
    - path: data/raw/raw_data.csv
      hash: md5
      md5: 20733d466826e3ccec697574fb54e2ad
      size: 2715
    - path: scripts/data_scripts/train_test_split.py
      hash: md5
      md5: f07d3c4b18d8f0c78a96ac93c13fa931
      size: 775
    params:
      params.yaml:
        split.split_ratio: 0.3
    outs:
    - path: data/stage1
      hash: md5
      md5: 5ae08dcd91c667034e3cf6b283f4eb2a.dir
      size: 2730
      nfiles: 2
  normalization:
    cmd: python3 scripts/data_scripts/normalization.py data/stage1/train.csv data/stage1/test.csv
    deps:
    - path: data/stage1/test.csv
      hash: md5
      md5: 4b2de13d9f9a2cbabf4fb62a7134baf7
      size: 825
    - path: data/stage1/train.csv
      hash: md5
      md5: 9a6bba79e3e276ead993de341599755b
      size: 1905
    - path: scripts/data_scripts/normalization.py
      hash: md5
      md5: b2323ea949ff398710f4349cb0d4d0be
      size: 1326
    params:
      params.yaml:
        scaler.chosen_scaler: MinMaxScaler
    outs:
    - path: data/stage2
      hash: md5
      md5: 88969a486f2bd77f0f2f6c6b984b9c73.dir
      size: 11376
      nfiles: 2
  train:
    cmd: python3 scripts/model_scripts/data_train.py data/stage2/train.csv model.pkl
    deps:
    - path: data/stage2/train.csv
      hash: md5
      md5: 9d9004f9486b916aed29cefe4c66e39f
      size: 7864
    - path: scripts/model_scripts/data_train.py
      hash: md5
      md5: 79449114f05784ed2ac973e9f702b55c
      size: 745
    params:
      params.yaml:
        train.C: 0.8
        train.fit_intercept: true
        train.penalty: l2
        train.random_state: 42
    outs:
    - path: models/model.pkl
      hash: md5
      md5: 32da8b42fc55869850c68abc44a02c50
      size: 932
  evaluate:
    cmd: python3 scripts/model_scripts/evaluate.py data/stage2/test.csv models/model.pkl
    deps:
    - path: data/stage2/test.csv
      hash: md5
      md5: fb2616126da26b785a34812312329015
      size: 3512
    - path: models/model.pkl
      hash: md5
      md5: 32da8b42fc55869850c68abc44a02c50
      size: 932
    - path: scripts/model_scripts/evaluate.py
      hash: md5
      md5: f584ab4ec8b93d48ee8be4f7419905dc
      size: 498
    outs:
    - path: evaluate/score.json
      hash: md5
      md5: c2c7ab5a0e5b61eba1c43a8b33a543c6
      size: 29
